
Microsoft Visual Studio Solution File, Format Version 11.00
# Visual Studio 2010
Project("{FAE04EC0-301F-11D3-BF4B-00C04F79EFBC}") = "FinalProjectUdiTal", "FinalProjectUdiTal\FinalProjectUdiTal.csproj", "{D949B5F4-979C-4235-A366-2CFF7532CEBD}"
EndProject
Project("{FAE04EC0-301F-11D3-BF4B-00C04F79EFBC}") = "FinalProjectUI", "FinalProjectUI\FinalProjectUI.csproj", "{DDA71DB0-6B2C-4DA2-BD14-826448C4786C}"
EndProject
Global
	GlobalSection(SolutionConfigurationPlatforms) = preSolution
		Debug|x86 = Debug|x86
		Release|x86 = Release|x86
	EndGlobalSection
	GlobalSection(ProjectConfigurationPlatforms) = postSolution
		{D949B5F4-979C-4235-A366-2CFF7532CEBD}.Debug|x86.ActiveCfg = Debug|x86
		{D949B5F4-979C-4235-A366-2CFF7532CEBD}.Debug|x86.Build.0 = Debug|x86
		{D949B5F4-979C-4235-A366-2CFF7532CEBD}.Release|x86.ActiveCfg = Release|x86
		{D949B5F4-979C-4235-A366-2CFF7532CEBD}.Release|x86.Build.0 = Release|x86
		{DDA71DB0-6B2C-4DA2-BD14-826448C4786C}.Debug|x86.ActiveCfg = Debug|x86
		{DDA71DB0-6B2C-4DA2-BD14-826448C4786C}.Debug|x86.Build.0 = Debug|x86
		{DDA71DB0-6B2C-4DA2-BD14-826448C4786C}.Release|x86.ActiveCfg = Release|x86
		{DDA71DB0-6B2C-4DA2-BD14-826448C4786C}.Release|x86.Build.0 = Release|x86
	EndGlobalSection
	GlobalSection(SolutionProperties) = preSolution
		HideSolutionNode = FALSE
	EndGlobalSection
EndGlobal
